
Microsoft Visual Studio Solution File, Format Version 12.00
# Visual Studio Version 17
VisualStudioVersion = 17.14.36109.1 d17.14
MinimumVisualStudioVersion = 10.0.40219.1
Project("{FAE04EC0-301F-11D3-BF4B-00C04F79EFBC}") = "NHL_Brandstofcafe", "NHL_Brandstofcafe.csproj", "{6EB23AA2-00A1-4834-8205-4597D8B5E64C}"
EndProject
Global
	GlobalSection(SolutionConfigurationPlatforms) = preSolution
		Debug|Any CPU = Debug|Any CPU
		Release|Any CPU = Release|Any CPU
	EndGlobalSection
	GlobalSection(ProjectConfigurationPlatforms) = postSolution
		{6EB23AA2-00A1-4834-8205-4597D8B5E64C}.Debug|Any CPU.ActiveCfg = Debug|Any CPU
		{6EB23AA2-00A1-4834-8205-4597D8B5E64C}.Debug|Any CPU.Build.0 = Debug|Any CPU
		{6EB23AA2-00A1-4834-8205-4597D8B5E64C}.Release|Any CPU.ActiveCfg = Release|Any CPU
		{6EB23AA2-00A1-4834-8205-4597D8B5E64C}.Release|Any CPU.Build.0 = Release|Any CPU
	EndGlobalSection
	GlobalSection(SolutionProperties) = preSolution
		HideSolutionNode = FALSE
	EndGlobalSection
	GlobalSection(ExtensibilityGlobals) = postSolution
		SolutionGuid = {D3F61459-EE7E-4980-98A8-3901833B8F6D}
	EndGlobalSection
EndGlobal
